# This file was autogenerated by Stack.
# You should not edit this file by hand.
# For more information, please see the documentation at:
#   https://docs.haskellstack.org/en/stable/lock_files

packages:
- completed:
    subdir: amazonka
    name: amazonka
    version: 1.6.1
    git: https://github.com/brendanhay/amazonka.git
    pantry-tree:
      size: 1038
      sha256: 59c7840fe6c9609d1d5022149010e72db5778e4978b9384b6dee8a4a207c96b3
    commit: 020bc7bde47bb235e448c76088dc44d6cec13e9b
  original:
    subdir: amazonka
    git: https://github.com/brendanhay/amazonka.git
    commit: 020bc7bde47bb235e448c76088dc44d6cec13e9b
- completed:
    subdir: core
    name: amazonka-core
    version: 1.6.1
    git: https://github.com/brendanhay/amazonka.git
    pantry-tree:
      size: 3484
      sha256: dbd45ae65d2df195ac670bed949d98ab3764bf5c691594c861337d8228ccc9fb
    commit: 020bc7bde47bb235e448c76088dc44d6cec13e9b
  original:
    subdir: core
    git: https://github.com/brendanhay/amazonka.git
    commit: 020bc7bde47bb235e448c76088dc44d6cec13e9b
- completed:
    subdir: amazonka-s3
    name: amazonka-s3
    version: 1.6.1
    git: https://github.com/brendanhay/amazonka.git
    pantry-tree:
      size: 18431
      sha256: a19d02da301bbcad502e6092d7418a59543747c8bb6f12932bcbc4606f7814ab
    commit: 020bc7bde47bb235e448c76088dc44d6cec13e9b
  original:
    subdir: amazonka-s3
    git: https://github.com/brendanhay/amazonka.git
    commit: 020bc7bde47bb235e448c76088dc44d6cec13e9b
- completed:
    name: amazonka-s3-streaming
    version: 1.1.0.0
    git: https://github.com/yigitozkavci/amazonka-s3-streaming.git
    pantry-tree:
      size: 783
      sha256: 4792fe4b675a0e1367eef39d50a5b8943097260f9df996506092b46bad7acf02
    commit: a3642b1c964283a6f9eb062511909fce459ce40b
  original:
    git: https://github.com/yigitozkavci/amazonka-s3-streaming.git
    commit: a3642b1c964283a6f9eb062511909fce459ce40b
- completed:
    hackage: privileged-concurrency-0.7.0@sha256:c73bb0000b5e1b7335cb1ca5065054173b0e911701345715eb6112b118b6919e,1749
    pantry-tree:
      size: 1450
      sha256: 42b2abdcd668cdef80c4df31c7803c334874946d4ed2542077355a97c3b581e5
  original:
    hackage: privileged-concurrency-0.7.0@sha256:c73bb0000b5e1b7335cb1ca5065054173b0e911701345715eb6112b118b6919e,1749
- completed:
    hackage: typed-duration-0.1.1.0@sha256:432c971e471e819d8c2663487ce0e95f848e668fd9720e56f966bb56edbfe0a6,949
    pantry-tree:
      size: 391
      sha256: 59f5c6098045c16481f52f5860cc08193d5c42cdf7c7ce6b4dd37fd53d71beee
  original:
    hackage: typed-duration-0.1.1.0@sha256:432c971e471e819d8c2663487ce0e95f848e668fd9720e56f966bb56edbfe0a6,949
- completed:
    hackage: prometheus-2.2.2@sha256:d794f5fe975be2f3ca7d7af71a7aeeb006615ad7d98835fa42caba9457a51936,4288
    pantry-tree:
      size: 1559
      sha256: 3b1cb27cf8cb0a8da83b5730e85132e058e808f8dd1be349ea3dbb162c7f14c3
  original:
    hackage: prometheus-2.2.2
- completed:
    hackage: prometheus-wai-middleware-1.0.1.0@sha256:a65a8c02e47e5bd6eccfd9ea9cbefcbc01f109be080a3832d759e1b3f33a673a,1537
    pantry-tree:
      size: 355
      sha256: efe1ec58759b8926555dca41bbafed69da0b3008d0508312445ec969c0bc107e
  original:
    hackage: prometheus-wai-middleware-1.0.1.0
snapshots:
- completed:
    size: 524154
    url: https://raw.githubusercontent.com/commercialhaskell/stackage-snapshots/master/lts/14/20.yaml
    sha256: 2f5099f69ddb6abfe64400fe1e6a604e8e628f55e6837211cd70a81eb0a8fa4d
  original: lts-14.20
