# This file was autogenerated by Stack.
# You should not edit this file by hand.
# For more information, please see the documentation at:
#   https://docs.haskellstack.org/en/stable/lock_files

packages:
- completed:
    subdir: amazonka
    name: amazonka
    version: 1.6.1
    git: https://github.com/brendanhay/amazonka.git
    pantry-tree:
      size: 1038
      sha256: 59c7840fe6c9609d1d5022149010e72db5778e4978b9384b6dee8a4a207c96b3
    commit: 020bc7bde47bb235e448c76088dc44d6cec13e9b
  original:
    subdir: amazonka
    git: https://github.com/brendanhay/amazonka.git
    commit: 020bc7bde47bb235e448c76088dc44d6cec13e9b
- completed:
    subdir: core
    name: amazonka-core
    version: 1.6.1
    git: https://github.com/brendanhay/amazonka.git
    pantry-tree:
      size: 3484
      sha256: dbd45ae65d2df195ac670bed949d98ab3764bf5c691594c861337d8228ccc9fb
    commit: 020bc7bde47bb235e448c76088dc44d6cec13e9b
  original:
    subdir: core
    git: https://github.com/brendanhay/amazonka.git
    commit: 020bc7bde47bb235e448c76088dc44d6cec13e9b
- completed:
    subdir: amazonka-s3
    name: amazonka-s3
    version: 1.6.1
    git: https://github.com/brendanhay/amazonka.git
    pantry-tree:
      size: 18431
      sha256: a19d02da301bbcad502e6092d7418a59543747c8bb6f12932bcbc4606f7814ab
    commit: 020bc7bde47bb235e448c76088dc44d6cec13e9b
  original:
    subdir: amazonka-s3
    git: https://github.com/brendanhay/amazonka.git
    commit: 020bc7bde47bb235e448c76088dc44d6cec13e9b
- completed:
    name: amazonka-s3-streaming
    version: 1.1.0.0
    git: https://github.com/yigitozkavci/amazonka-s3-streaming.git
    pantry-tree:
      size: 663
      sha256: db33212b6dc2d831026b720066ecc2aa0c13d25ab519f081367918cd76142823
    commit: 0e6602d4c9854854f5e266a26b71e1ce5d02c777
  original:
    git: https://github.com/yigitozkavci/amazonka-s3-streaming.git
    commit: 0e6602d4c9854854f5e266a26b71e1ce5d02c777
- completed:
    hackage: privileged-concurrency-0.7.0@sha256:c73bb0000b5e1b7335cb1ca5065054173b0e911701345715eb6112b118b6919e,1749
    pantry-tree:
      size: 1450
      sha256: 42b2abdcd668cdef80c4df31c7803c334874946d4ed2542077355a97c3b581e5
  original:
    hackage: privileged-concurrency-0.7.0@sha256:c73bb0000b5e1b7335cb1ca5065054173b0e911701345715eb6112b118b6919e,1749
- completed:
    hackage: typed-duration-0.1.1.0@sha256:432c971e471e819d8c2663487ce0e95f848e668fd9720e56f966bb56edbfe0a6,949
    pantry-tree:
      size: 391
      sha256: 59f5c6098045c16481f52f5860cc08193d5c42cdf7c7ce6b4dd37fd53d71beee
  original:
    hackage: typed-duration-0.1.1.0@sha256:432c971e471e819d8c2663487ce0e95f848e668fd9720e56f966bb56edbfe0a6,949
snapshots:
- completed:
    size: 524154
    url: https://raw.githubusercontent.com/commercialhaskell/stackage-snapshots/master/lts/14/20.yaml
    sha256: 2f5099f69ddb6abfe64400fe1e6a604e8e628f55e6837211cd70a81eb0a8fa4d
  original: lts-14.20
